Microsoft Visual Studio Solution File, Format Version 12.00
# Visual Studio Version 17
VisualStudioVersion = 17.5.2.0
MinimumVisualStudioVersion = 10.0.40219.1
Project("{FAE04EC0-301F-11D3-BF4B-00C04F79EFBC}") = "BookGrid", "book-grid2.1\BookGrid.csproj", "{6A88B8F7-EE43-67D5-D7F2-FD35355D2993}"
EndProject
Global
	GlobalSection(SolutionConfigurationPlatforms) = preSolution
		Debug|Any CPU = Debug|Any CPU
		Release|Any CPU = Release|Any CPU
	EndGlobalSection
	GlobalSection(ProjectConfigurationPlatforms) = postSolution
		{6A88B8F7-EE43-67D5-D7F2-FD35355D2993}.Debug|Any CPU.ActiveCfg = Debug|Any CPU
		{6A88B8F7-EE43-67D5-D7F2-FD35355D2993}.Debug|Any CPU.Build.0 = Debug|Any CPU
		{6A88B8F7-EE43-67D5-D7F2-FD35355D2993}.Release|Any CPU.ActiveCfg = Release|Any CPU
		{6A88B8F7-EE43-67D5-D7F2-FD35355D2993}.Release|Any CPU.Build.0 = Release|Any CPU
	EndGlobalSection
	GlobalSection(SolutionProperties) = preSolution
		HideSolutionNode = FALSE
	EndGlobalSection
	GlobalSection(ExtensibilityGlobals) = postSolution
		SolutionGuid = {62948532-222A-470F-B048-8FCA96F9C83C}
	EndGlobalSection
EndGlobal
